<?xml version="1.0" encoding="utf-8"?>
<Project ToolsVersion="4.0" xmlns="http://schemas.microsoft.com/developer/msbuild/2003">
  <ItemGroup>
    <Filter Include="소스 파일">
      <UniqueIdentifier>{4FC737F1-C7A5-4376-A066-2A32D752A2FF}</UniqueIdentifier>
      <Extensions>cpp;c;cc;cxx;def;odl;idl;hpj;bat;asm;asmx</Extensions>
    </Filter>
    <Filter Include="헤더 파일">
      <UniqueIdentifier>{93995380-89BD-4b04-88EB-625FBE52EBFB}</UniqueIdentifier>
      <Extensions>h;hh;hpp;hxx;hm;inl;inc;xsd</Extensions>
    </Filter>
    <Filter Include="리소스 파일">
      <UniqueIdentifier>{67DA6AB6-F800-4c08-8B7A-83BB121AAD01}</UniqueIdentifier>
      <Extensions>rc;ico;cur;bmp;dlg;rc2;rct;bin;rgs;gif;jpg;jpeg;jpe;resx;tiff;tif;png;wav;mfcribbon-ms</Extensions>
    </Filter>
    <Filter Include="00. MainGame">
      <UniqueIdentifier>{2d3279d5-6d01-45c7-bb99-c63f14a76ad9}</UniqueIdentifier>
    </Filter>
    <Filter Include="01. Obj">
      <UniqueIdentifier>{c91568ba-1c51-4366-8827-f9ce8e185221}</UniqueIdentifier>
    </Filter>
    <Filter Include="01. Obj\00. Player">
      <UniqueIdentifier>{bc87a0ea-e5c3-4b9c-b118-23af02ef9935}</UniqueIdentifier>
    </Filter>
    <Filter Include="01. Obj\01. Bullet">
      <UniqueIdentifier>{c74ec3a3-edbe-48ed-97c3-c0e21c9225ea}</UniqueIdentifier>
    </Filter>
    <Filter Include="98. Design">
      <UniqueIdentifier>{6d57fc6e-bce3-4072-95ca-66fdfe1f7d9b}</UniqueIdentifier>
    </Filter>
    <Filter Include="98. Design\AbstractFactory">
      <UniqueIdentifier>{46a30c8b-c1ef-4525-821a-e09f38f11e8d}</UniqueIdentifier>
    </Filter>
    <Filter Include="01. Obj\02. Monster">
      <UniqueIdentifier>{e0ab47df-43ed-4ed6-be54-3523b7b16a3a}</UniqueIdentifier>
    </Filter>
    <Filter Include="01. Obj\03. Mouse">
      <UniqueIdentifier>{8a388e49-470b-4695-bcb9-a7ce03e5c47d}</UniqueIdentifier>
    </Filter>
    <Filter Include="98. Design\CollisionMgr">
      <UniqueIdentifier>{fa05d23f-9bed-4d57-a264-a1373a4d93d9}</UniqueIdentifier>
    </Filter>
    <Filter Include="01. Obj\04. Shield">
      <UniqueIdentifier>{b37fefac-d240-4ede-b8d0-52e5a644078d}</UniqueIdentifier>
    </Filter>
    <Filter Include="01. Obj\01. Bullet\00. ScrewBullet">
      <UniqueIdentifier>{cbfea3ae-fe2b-4fef-87c4-fd8ace5f6f34}</UniqueIdentifier>
    </Filter>
    <Filter Include="98. Design\ObjMgr">
      <UniqueIdentifier>{b8f3e418-0ee7-45f4-878d-8c37d424702c}</UniqueIdentifier>
    </Filter>
    <Filter Include="01. Obj\01. Bullet\01. GuideBullet">
      <UniqueIdentifier>{d12b3d4b-93c0-4c53-b5f0-a89d4e1f69b3}</UniqueIdentifier>
    </Filter>
    <Filter Include="98. Design\LineMgr">
      <UniqueIdentifier>{fec09d62-2538-43f5-8757-fd75139a1004}</UniqueIdentifier>
    </Filter>
    <Filter Include="98. Design\LineMgr\Line">
      <UniqueIdentifier>{78089d7c-1a72-4b00-a5c3-2694677ffecd}</UniqueIdentifier>
    </Filter>
    <Filter Include="Hong">
      <UniqueIdentifier>{16bcb849-5377-4342-b7de-2cd16c0afca6}</UniqueIdentifier>
    </Filter>
    <Filter Include="Hero">
      <UniqueIdentifier>{f5c953b7-8774-4b22-a5a5-1b0985ba6c1e}</UniqueIdentifier>
    </Filter>
    <Filter Include="Saeng">
      <UniqueIdentifier>{866b6230-79a5-4bc3-a23b-a8a6501a0a1a}</UniqueIdentifier>
    </Filter>
    <Filter Include="MinSung">
      <UniqueIdentifier>{74c1ad34-5059-4fcd-9187-6ceb9589b4ae}</UniqueIdentifier>
    </Filter>
    <Filter Include="98. Design\KeyMgr">
      <UniqueIdentifier>{5621f0cd-17c9-4991-a627-cdb479383ea5}</UniqueIdentifier>
    </Filter>
    <Filter Include="98. Design\ScrollMgr">
      <UniqueIdentifier>{f05d82ca-3a67-424a-a650-e00cf6ad0151}</UniqueIdentifier>
    </Filter>
    <Filter Include="Hero\UIMgr">
      <UniqueIdentifier>{13c89d70-a8e3-47d0-b006-bf7065f404c4}</UniqueIdentifier>
    </Filter>
    <Filter Include="헤더 파일\99. Header">
      <UniqueIdentifier>{fbe2a4a3-fba0-4c49-8f48-026bfd31270f}</UniqueIdentifier>
    </Filter>
    <Filter Include="Hero\ReflexBullet">
      <UniqueIdentifier>{36eeff27-7508-4775-8101-fef4853452dc}</UniqueIdentifier>
    </Filter>
    <Filter Include="Hero\MapEditor">
      <UniqueIdentifier>{4dd06063-7c97-496b-8662-246c0ec441f6}</UniqueIdentifier>
    </Filter>
    <Filter Include="Hero\SceneMgr">
      <UniqueIdentifier>{f642c35c-7ebf-460b-bfa4-abe9516e0ce8}</UniqueIdentifier>
    </Filter>
    <Filter Include="Hero\Scene">
      <UniqueIdentifier>{3b10e7e8-5c8c-4391-b175-ef48edd7658e}</UniqueIdentifier>
    </Filter>
    <Filter Include="Hero\Scene\GameScene">
      <UniqueIdentifier>{22057efc-d614-45ad-9126-42f6a3cf36a3}</UniqueIdentifier>
    </Filter>
    <Filter Include="Hero\Scene\StartScene">
      <UniqueIdentifier>{8f89a10d-e2ff-4b1d-94fe-0bad03ccd31c}</UniqueIdentifier>
    </Filter>
    <Filter Include="Hero\Scene\EditScene">
      <UniqueIdentifier>{7dd1a2e3-e389-49b4-a724-0d38ac3b87b7}</UniqueIdentifier>
    </Filter>
  </ItemGroup>
  <ItemGroup>
    <Text Include="ReadMe.txt" />
  </ItemGroup>
  <ItemGroup>
    <ClInclude Include="stdafx.h">
      <Filter>헤더 파일</Filter>
    </ClInclude>
    <ClInclude Include="targetver.h">
      <Filter>헤더 파일</Filter>
    </ClInclude>
    <ClInclude Include="Resource.h">
      <Filter>헤더 파일</Filter>
    </ClInclude>
    <ClInclude Include="Define.h">
      <Filter>헤더 파일\99. Header</Filter>
    </ClInclude>
    <ClInclude Include="Struct.h">
      <Filter>헤더 파일\99. Header</Filter>
    </ClInclude>
    <ClInclude Include="Functor.h">
      <Filter>헤더 파일\99. Header</Filter>
    </ClInclude>
    <ClInclude Include="Enum.h">
      <Filter>헤더 파일\99. Header</Filter>
    </ClInclude>
    <ClInclude Include="Include.h">
      <Filter>헤더 파일\99. Header</Filter>
    </ClInclude>
    <ClInclude Include="MainGame.h">
      <Filter>00. MainGame</Filter>
    </ClInclude>
    <ClInclude Include="Obj.h">
      <Filter>01. Obj</Filter>
    </ClInclude>
    <ClInclude Include="Player.h">
      <Filter>01. Obj\00. Player</Filter>
    </ClInclude>
    <ClInclude Include="Bullet.h">
      <Filter>01. Obj\01. Bullet</Filter>
    </ClInclude>
    <ClInclude Include="AbstractFactory.h">
      <Filter>98. Design\AbstractFactory</Filter>
    </ClInclude>
    <ClInclude Include="Monster.h">
      <Filter>01. Obj\02. Monster</Filter>
    </ClInclude>
    <ClInclude Include="Mouse.h">
      <Filter>01. Obj\03. Mouse</Filter>
    </ClInclude>
    <ClInclude Include="CollisionMgr.h">
      <Filter>98. Design\CollisionMgr</Filter>
    </ClInclude>
    <ClInclude Include="Shield.h">
      <Filter>01. Obj\04. Shield</Filter>
    </ClInclude>
    <ClInclude Include="ScrewBullet.h">
      <Filter>01. Obj\01. Bullet\00. ScrewBullet</Filter>
    </ClInclude>
    <ClInclude Include="ObjMgr.h">
      <Filter>98. Design\ObjMgr</Filter>
    </ClInclude>
    <ClInclude Include="GuideBullet.h">
      <Filter>01. Obj\01. Bullet\01. GuideBullet</Filter>
    </ClInclude>
    <ClInclude Include="Line.h">
      <Filter>98. Design\LineMgr\Line</Filter>
    </ClInclude>
    <ClInclude Include="LineMgr.h">
      <Filter>98. Design\LineMgr</Filter>
    </ClInclude>
    <ClInclude Include="KeyMgr.h">
      <Filter>98. Design\KeyMgr</Filter>
    </ClInclude>
    <ClInclude Include="CBox.h">
      <Filter>Hong</Filter>
    </ClInclude>
    <ClInclude Include="CTile.h">
      <Filter>Hong</Filter>
    </ClInclude>
    <ClInclude Include="MovingBlock.h">
      <Filter>Saeng</Filter>
    </ClInclude>
    <ClInclude Include="Block.h">
      <Filter>Saeng</Filter>
    </ClInclude>
    <ClInclude Include="UIMgr.h">
      <Filter>Hero\UIMgr</Filter>
      <Filter>헤더 파일</Filter>
    </ClInclude>
    <ClInclude Include="Coin.h">
      <Filter>MinSung</Filter>
    </ClInclude>
    <ClInclude Include="Default.h">
      <Filter>헤더 파일\99. Header</Filter>
    </ClInclude>
    <ClInclude Include="Gumba.h">
      <Filter>Hong</Filter>
    </ClInclude>
    <ClInclude Include="Turtle.h">
      <Filter>Hong</Filter>
    </ClInclude>
    <ClInclude Include="ReflexBullet.h">
      <Filter>Hero\ReflexBullet</Filter>
    </ClInclude>
    <ClInclude Include="MapEditor.h">
      <Filter>Hero\MapEditor</Filter>
    </ClInclude>
    <ClInclude Include="CKoopa.h">
      <Filter>Hong</Filter>
    </ClInclude>
    <ClInclude Include="GameMgr.h">
      <Filter>MinSung</Filter>
    </ClInclude>
    <ClInclude Include="Mushroom.h">
      <Filter>MinSung</Filter>
    </ClInclude>
    <ClInclude Include="Timeitem.h">
      <Filter>MinSung</Filter>
    </ClInclude>
    <ClInclude Include="MovingBlockLR.h">
      <Filter>Saeng</Filter>
    </ClInclude>
    <ClInclude Include="SceneMgr.h">
      <Filter>헤더 파일</Filter>
    </ClInclude>
    <ClInclude Include="ScrollMgr.h">
      <Filter>Hero\SceneMgr</Filter>
    </ClInclude>
    <ClInclude Include="Scene.h">
      <Filter>Hero\Scene</Filter>
    </ClInclude>
    <ClInclude Include="StartScene.h">
      <Filter>Hero\Scene\StartScene</Filter>
    </ClInclude>
    <ClInclude Include="GameScene.h">
      <Filter>Hero\Scene\GameScene</Filter>
    </ClInclude>
    <ClInclude Include="EditScene.h">
      <Filter>Hero\Scene\EditScene</Filter>
    </ClInclude>
  </ItemGroup>
  <ItemGroup>
    <ClCompile Include="Default.cpp">
      <Filter>소스 파일</Filter>
    </ClCompile>
    <ClCompile Include="MainGame.cpp">
      <Filter>00. MainGame</Filter>
    </ClCompile>
    <ClCompile Include="Obj.cpp">
      <Filter>01. Obj</Filter>
    </ClCompile>
    <ClCompile Include="Player.cpp">
      <Filter>01. Obj\00. Player</Filter>
    </ClCompile>
    <ClCompile Include="Bullet.cpp">
      <Filter>01. Obj\01. Bullet</Filter>
    </ClCompile>
    <ClCompile Include="Monster.cpp">
      <Filter>01. Obj\02. Monster</Filter>
    </ClCompile>
    <ClCompile Include="Mouse.cpp">
      <Filter>01. Obj\03. Mouse</Filter>
    </ClCompile>
    <ClCompile Include="CollisionMgr.cpp">
      <Filter>98. Design\CollisionMgr</Filter>
    </ClCompile>
    <ClCompile Include="Shield.cpp">
      <Filter>01. Obj\04. Shield</Filter>
    </ClCompile>
    <ClCompile Include="ScrewBullet.cpp">
      <Filter>01. Obj\01. Bullet\00. ScrewBullet</Filter>
    </ClCompile>
    <ClCompile Include="ObjMgr.cpp">
      <Filter>98. Design\ObjMgr</Filter>
    </ClCompile>
    <ClCompile Include="GuideBullet.cpp">
      <Filter>01. Obj\01. Bullet\01. GuideBullet</Filter>
    </ClCompile>
    <ClCompile Include="Line.cpp">
      <Filter>98. Design\LineMgr\Line</Filter>
    </ClCompile>
    <ClCompile Include="LineMgr.cpp">
      <Filter>98. Design\LineMgr</Filter>
    </ClCompile>
    <ClCompile Include="KeyMgr.cpp">
      <Filter>98. Design\KeyMgr</Filter>
    </ClCompile>
    <ClCompile Include="ScrollMgr.cpp">
      <Filter>98. Design\ScrollMgr</Filter>
    </ClCompile>
    <ClCompile Include="CBox.cpp">
      <Filter>Hong</Filter>
    </ClCompile>
    <ClCompile Include="CTile.cpp">
      <Filter>Hong</Filter>
    </ClCompile>
    <ClCompile Include="MovingBlock.cpp">
      <Filter>Saeng</Filter>
    </ClCompile>
    <ClCompile Include="Block.cpp">
      <Filter>Saeng</Filter>
    </ClCompile>
    <ClCompile Include="stdafx.cpp">
      <Filter>헤더 파일</Filter>
    </ClCompile>
    <ClCompile Include="UIMgr.cpp">
      <Filter>Hero\UIMgr</Filter>
    </ClCompile>
    <ClCompile Include="Coin.cpp">
      <Filter>MinSung</Filter>
    </ClCompile>
    <ClCompile Include="Gumba.cpp">
      <Filter>Hong</Filter>
    </ClCompile>
    <ClCompile Include="Turtle.cpp">
      <Filter>Hong</Filter>
    </ClCompile>
    <ClCompile Include="ReflexBullet.cpp">
      <Filter>Hero\ReflexBullet</Filter>
    </ClCompile>
    <ClCompile Include="MapEditor.cpp">
      <Filter>Hero\MapEditor</Filter>
    </ClCompile>
    <ClCompile Include="CKoopa.cpp">
      <Filter>Hong</Filter>
    </ClCompile>
    <ClCompile Include="Timeitem.cpp">
      <Filter>MinSung</Filter>
    </ClCompile>
    <ClCompile Include="GameMgr.cpp">
      <Filter>MinSung</Filter>
    </ClCompile>
    <ClCompile Include="Mushroom.cpp">
      <Filter>MinSung</Filter>
    </ClCompile>
    <ClCompile Include="MovingBlockLR.cpp">
      <Filter>Saeng</Filter>
    </ClCompile>
    <ClCompile Include="SceneMgr.cpp">
      <Filter>Hero\SceneMgr</Filter>
    </ClCompile>
    <ClCompile Include="Scene.cpp">
      <Filter>Hero\Scene</Filter>
    </ClCompile>
    <ClCompile Include="StartScene.cpp">
      <Filter>Hero\Scene\StartScene</Filter>
    </ClCompile>
    <ClCompile Include="GameScene.cpp">
      <Filter>Hero\Scene\GameScene</Filter>
    </ClCompile>
    <ClCompile Include="EditScene.cpp">
      <Filter>Hero\Scene\EditScene</Filter>
    </ClCompile>
  </ItemGroup>
  <ItemGroup>
    <ResourceCompile Include="Default.rc">
      <Filter>리소스 파일</Filter>
    </ResourceCompile>
  </ItemGroup>
  <ItemGroup>
    <Image Include="small.ico">
      <Filter>리소스 파일</Filter>
    </Image>
    <Image Include="Default.ico">
      <Filter>리소스 파일</Filter>
    </Image>
    <Image Include="bitmap1.bmp">
      <Filter>리소스 파일</Filter>
    </Image>
    <Image Include="bitmap2.bmp">
      <Filter>리소스 파일</Filter>
    </Image>
    <Image Include="bmp00001.bmp">
      <Filter>리소스 파일</Filter>
    </Image>
    <Image Include="C:\Users\qkrgh\Desktop\34기이혜진Texture(Mario,D2D)\TextureMario\Objects.bmp">
      <Filter>리소스 파일</Filter>
    </Image>
    <Image Include="bitmap4.bmp">
      <Filter>리소스 파일</Filter>
    </Image>
  </ItemGroup>
</Project>